<Solution>
  <Folder Name="/benchmarks/">
    <Project Path="benchmarks/Wiaoj.Benchmarks.BloomFilter/Wiaoj.Benchmarks.BloomFilter.csproj" Id="f3eb7b68-751e-4bdc-acd4-b42d968726d6" />
    <Project Path="benchmarks/Wiaoj.Benchmarks.Compensation/Wiaoj.Benchmarks.Compensation.csproj" Id="eebdd577-1f30-42d1-9b49-e49ad3a17289" />
    <Project Path="benchmarks/Wiaoj.Benchmarks.DistributedCounter/Wiaoj.Benchmarks.DistributedCounter.csproj" />
    <Project Path="benchmarks/Wiaoj.Benchmarks.Mediator/Wiaoj.Benchmarks.Mediator.csproj" />
    <Project Path="benchmarks/Wiaoj.Benchmarks.Primitives/Wiaoj.Benchmarks.Primitives.csproj" Id="47a9018c-29c4-4747-8ef4-ffc2eacdaca2" />
    <Project Path="benchmarks/Wiaoj.Benchmarks.Results/Wiaoj.Benchmarks.Results.csproj" Id="a5cbb59e-b752-4de1-b3b7-77c70d4d6c57" />
    <Project Path="benchmarks/Wiaoj.Benchmarks.Webhooks/Wiaoj.Benchmarks.Webhooks.csproj" />
  </Folder>
  <Folder Name="/samples/">
    <Project Path="samples/Wiaoj.Samples.BloomFilter/Wiaoj.Samples.BloomFilter.csproj" Id="69d8af16-0970-4213-a1c2-ecea075b0b68" />
    <Project Path="samples/Wiaoj.Samples.Compensation/Wiaoj.Samples.Compensation.csproj" Id="0ec80f71-5206-4a2e-92f8-6438ab74bcbb" />
    <Project Path="samples/Wiaoj.Samples.Concurrency/Wiaoj.Samples.Concurrency.csproj" Id="7fb1def3-743f-4948-b778-2738f26254d1" />
    <Project Path="samples/Wiaoj.Samples.DistributedCounter/Wiaoj.Samples.DistributedCounter.csproj" />
    <Project Path="samples/Wiaoj.Samples.Primitives/Wiaoj.Samples.Primitives.csproj" Id="7f7ef88f-3ab9-4333-a7cf-f493f9c04b58" />
    <Project Path="samples/Wiaoj.Samples.RateLimiting/Wiaoj.Samples.RateLimiting.csproj" Id="b8535f61-de6a-4e8a-9c3b-4b9919e7e942" />
    <Project Path="samples/Wiaoj.Samples.Security/Wiaoj.Samples.Security.csproj" Id="3bcb4b2d-e896-4f05-866e-bf1f4fc7f505" />
    <Project Path="samples/Wiaoj.Samples.Webhooks/Wiaoj.Samples.Webhooks.csproj" />
  </Folder>
  <Folder Name="/src/" />
  <Folder Name="/src/BloomFilter/">
    <File Path="src/BloomFilter/README.md" />
    <Project Path="src/BloomFilter/Wiaoj.BloomFilter.Abstractions/Wiaoj.BloomFilter.Abstractions.csproj" />
    <Project Path="src/BloomFilter/Wiaoj.BloomFilter.Testing/Wiaoj.BloomFilter.Testing.csproj" Id="7bfbce92-656b-4154-a8e3-dda841ae4aaa" />
    <Project Path="src/BloomFilter/Wiaoj.BloomFilter/Wiaoj.BloomFilter.csproj" />
  </Folder>
  <Folder Name="/src/Compensation/">
    <Project Path="src/Compensation/Wiaoj.Compensation/Wiaoj.Compensation.csproj" Id="aca08f99-c821-4cb6-a87c-6ec11a605110" />
  </Folder>
  <Folder Name="/src/DistributedCounter/">
    <File Path="src/DistributedCounter/README.md" />
    <Project Path="src/DistributedCounter/Wiaoj.DistributedCounter.Abstractions/Wiaoj.DistributedCounter.Abstractions.csproj" />
    <Project Path="src/DistributedCounter/Wiaoj.DistributedCounter.Redis/Wiaoj.DistributedCounter.Redis.csproj" />
    <Project Path="src/DistributedCounter/Wiaoj.DistributedCounter.Testing/Wiaoj.DistributedCounter.Testing.csproj" Id="4186d56d-4b07-4500-9c1f-11cb9515af41" />
    <Project Path="src/DistributedCounter/Wiaoj.DistributedCounter/Wiaoj.DistributedCounter.csproj" />
  </Folder>
  <Folder Name="/src/Endpoints/">
    <Project Path="src/Endpoints/Wiaoj.Endpoints/Wiaoj.Endpoints.csproj" Id="05c2f73d-a18d-4609-90ab-4d239701f666" />
  </Folder>
  <Folder Name="/src/Extensions/">
    <Project Path="src/Extensions/Wiaoj.Extensions/Wiaoj.Extensions.csproj" />
  </Folder>
  <Folder Name="/src/Extensions/Abstractions/">
    <File Path="src/Extensions/Abstractions/README.md" />
    <Project Path="src/Extensions/Abstractions/Wiaoj.Abstractions/Wiaoj.Abstractions.csproj" />
  </Folder>
  <Folder Name="/src/Extensions/Ddd/">
    <File Path="src/Extensions/Ddd/README.md" />
    <Project Path="src/Extensions/Ddd/Wiaoj.Ddd.Abstractions/Wiaoj.Ddd.Abstractions.csproj" />
    <Project Path="src/Extensions/Ddd/Wiaoj.Ddd.EntityFrameworkCore/Wiaoj.Ddd.EntityFrameworkCore.csproj" />
    <Project Path="src/Extensions/Ddd/Wiaoj.Ddd.Tyto/Wiaoj.Ddd.Tyto.csproj" Id="a0b6d702-0d0d-4e46-b998-c0d59d6a6bd1" />
    <Project Path="src/Extensions/Ddd/Wiaoj.Ddd/Wiaoj.Ddd.csproj" />
  </Folder>
  <Folder Name="/src/Extensions/DependencyInjection/">
    <Project Path="src/Extensions/DependencyInjection/Wiaoj.Extensions.DependencyInjection/Wiaoj.Extensions.DependencyInjection.csproj" />
  </Folder>
  <Folder Name="/src/Extensions/Primitives/">
    <File Path="src/Extensions/Primitives/README.md" />
    <Project Path="src/Extensions/Primitives/Wiaoj.Primitives/Wiaoj.Primitives.csproj" />
  </Folder>
  <Folder Name="/src/Extensions/Results/">
    <File Path="src/Extensions/Results/README.md" />
    <Project Path="src/Extensions/Results/Wiaoj.Results.AspNetCore/Wiaoj.Results.AspNetCore.csproj" Id="9c567ec4-bf87-485f-9c00-5ac4f4bb307f" />
    <Project Path="src/Extensions/Results/Wiaoj.Results/Wiaoj.Results.csproj" />
  </Folder>
  <Folder Name="/src/Extensions/Security/">
    <File Path="src/Extensions/Security/README.md" />
    <Project Path="src/Extensions/Security/Wiaoj.Security.Abstractions/Wiaoj.Security.Abstractions.csproj" Id="993d20a4-ac0c-4388-bdf5-063de886762c" />
    <Project Path="src/Extensions/Security/Wiaoj.Security.DependencyInjection/Wiaoj.Security.DependencyInjection.csproj" Id="48594c87-409e-4051-bf16-778b1b4f4b50" />
    <Project Path="src/Extensions/Security/Wiaoj.Security.EntityFrameworkCore/Wiaoj.Security.EntityFrameworkCore.csproj" Id="c8f561a3-3ba5-44a2-b48d-20734a93a464" />
    <Project Path="src/Extensions/Security/Wiaoj.Security.Rotation/Wiaoj.Security.Rotation.csproj" Id="d18accfa-ccf5-4604-b637-e90ac02ec3f1" />
    <Project Path="src/Extensions/Security/Wiaoj.Security.Testing/Wiaoj.Security.Testing.csproj" Id="f3e28711-cdc1-40c7-a6dc-ed04dc88a532" />
    <Project Path="src/Extensions/Security/Wiaoj.Security/Wiaoj.Security.csproj" />
  </Folder>
  <Folder Name="/src/Extensions/Concurrency/">
    <Project Path="src/Extensions/Concurrency/Wiaoj.Concurrency/Wiaoj.Concurrency.csproj" />
  </Folder>
  <Folder Name="/src/Mediator/">
    <Project Path="src/Mediator/Wiaoj.Mediator/Wiaoj.Mediator.csproj" />
  </Folder>
  <Folder Name="/src/Modulith/">
    <Project Path="src/Modulith/Wiaoj.Modulith.AspNetCore/Wiaoj.Modulith.AspNetCore.csproj" Id="541c255e-af0d-4b69-92cf-0a283efc24cc" />
    <Project Path="src/Modulith/Wiaoj.Modulith/Wiaoj.Modulith.csproj" Id="515b964c-4d4c-4580-9f74-0de1a6148b95" />
  </Folder>
  <Folder Name="/src/ObjectPool/">
    <File Path="src/ObjectPool/README.md" />
    <Project Path="src/ObjectPool/Wiaoj.ObjectPool.Testing/Wiaoj.ObjectPool.Testing.csproj" Id="b0577e50-04b2-427b-bb9d-be52fe1aefbf" />
    <Project Path="src/ObjectPool/Wiaoj.ObjectPool/Wiaoj.ObjectPool.csproj" Id="f2d23627-085e-4e62-944f-899a3ded775c" />
  </Folder>
  <Folder Name="/src/Pagination/">
    <File Path="src/Pagination/README.md" />
    <Project Path="src/Pagination/Wiaoj.Pagination.AspNetCore/Wiaoj.Pagination.AspNetCore.csproj" Id="b8d74104-ba78-4714-8e61-157b463f4df0" />
    <Project Path="src/Pagination/Wiaoj.Pagination.EntityFrameworkCore/Wiaoj.Pagination.EntityFrameworkCore.csproj" Id="83a406d7-b838-4da3-9723-3fde8d8f7423" />
    <Project Path="src/Pagination/Wiaoj.Pagination/Wiaoj.Pagination.csproj" Id="d48d9dec-5903-4af9-a3c7-9e4804d40d96" />
  </Folder>
  <Folder Name="/src/Preconditions/">
    <File Path="src/Preconditions/README.md" />
    <Project Path="src/Preconditions/Wiaoj.Preconditions/Wiaoj.Preconditions.csproj" />
  </Folder>
  <Folder Name="/src/Querying/">
    <File Path="src/Querying/README.md" />
    <Project Path="src/Querying/Wiaoj.Querying.AspNetCore/Wiaoj.Querying.AspNetCore.csproj" Id="6a48f363-f483-4338-b76e-a0d765352991" />
    <Project Path="src/Querying/Wiaoj.Querying/Wiaoj.Querying.csproj" Id="e6109869-8592-4b25-aa38-1e394e98392f" />
  </Folder>
  <Folder Name="/src/RateLimiting/">
    <File Path="src/RateLimiting/README.md" />
    <File Path="src/RateLimiting/_build.md" />
    <Project Path="src/RateLimiting/Wiaoj.RateLimiting.Abstractions/Wiaoj.RateLimiting.Abstractions.csproj" Id="ce9067d2-256a-43c5-ac1c-f4375053ec75" />
    <Project Path="src/RateLimiting/Wiaoj.RateLimiting.AspNetCore/Wiaoj.RateLimiting.AspNetCore.csproj" Id="d2a0feb2-7acb-4406-a778-a78f711486eb" />
    <Project Path="src/RateLimiting/Wiaoj.RateLimiting/Wiaoj.RateLimiting.csproj" Id="3350a94a-e110-4126-99c7-88f98a7b8e98" />
  </Folder>
  <Folder Name="/src/Resilience/">
    <Project Path="src/Resilience/Wiaoj.Resilience/Wiaoj.Resilience.csproj" Id="d22f366f-a6eb-45d7-aec7-665427c3c236" />
  </Folder>
  <Folder Name="/src/Serialization/">
    <File Path="src/Serialization/README.md" />
  </Folder>
  <Folder Name="/src/Serialization/Core/">
    <Project Path="src/Serialization/Core/Wiaoj.Serialization.Abstractions/Wiaoj.Serialization.Abstractions.csproj" />
    <Project Path="src/Serialization/Core/Wiaoj.Serialization.DependencyInjection/Wiaoj.Serialization.DependencyInjection.csproj" />
  </Folder>
  <Folder Name="/src/Serialization/Features/">
    <Project Path="src/Serialization/Features/Wiaoj.Serialization.Compression/Wiaoj.Serialization.Compression.csproj" />
    <Project Path="src/Serialization/Features/Wiaoj.Serialization.Security/Wiaoj.Serialization.Security.csproj" />
    <Project Path="src/Serialization/Features/Wiaoj.Serialization.Transcoding/Wiaoj.Serialization.Transcoding.csproj" />
  </Folder>
  <Folder Name="/src/Serialization/Implementations/">
    <Project Path="src/Serialization/Implementations/Wiaoj.Serialization.Bson/Wiaoj.Serialization.Bson.csproj" />
    <Project Path="src/Serialization/Implementations/Wiaoj.Serialization.Memory/Wiaoj.Serialization.Memory.csproj" Id="e7892f69-425c-4c61-aa2c-7ce047d2e1a2" />
    <Project Path="src/Serialization/Implementations/Wiaoj.Serialization.MessagePack/Wiaoj.Serialization.MessagePack.csproj" />
    <Project Path="src/Serialization/Implementations/Wiaoj.Serialization.Proxy/Wiaoj.Serialization.Proxy.csproj" Id="c7628768-b569-4679-bcdd-f3f90abe99df" />
    <Project Path="src/Serialization/Implementations/Wiaoj.Serialization.SystemTextJson/Wiaoj.Serialization.SystemTextJson.csproj" />
    <Project Path="src/Serialization/Implementations/Wiaoj.Serialization.YamlDotNet/Wiaoj.Serialization.YamlDotNet.csproj" />
  </Folder>
  <Folder Name="/src/Webhooks/">
    <File Path="src/Webhooks/README.md" />
    <File Path="src/Webhooks/_build.md" />
    <File Path="src/Webhooks/docs/ARCHITECTURE.md" />
    <Project Path="src/Webhooks/Wiaoj.Webhooks.Abstractions/Wiaoj.Webhooks.Abstractions.csproj" Id="73037a10-7883-4f3c-880a-4ed6910ecf33" />
    <Project Path="src/Webhooks/Wiaoj.Webhooks.AspNetCore/Wiaoj.Webhooks.AspNetCore.csproj" Id="c889539a-5240-4346-be30-ad1c106a7d19" />
    <Project Path="src/Webhooks/Wiaoj.Webhooks.BloomFilter/Wiaoj.Webhooks.BloomFilter.csproj" />
    <Project Path="src/Webhooks/Wiaoj.Webhooks.Publishing/Wiaoj.Webhooks.Publishing.csproj" />
    <Project Path="src/Webhooks/Wiaoj.Webhooks.RateLimiting/Wiaoj.Webhooks.RateLimiting.csproj" Id="de8eb093-7633-4975-959c-2576f1d6ca8c" />
    <Project Path="src/Webhooks/Wiaoj.Webhooks.Resilience/Wiaoj.Webhooks.Resilience.csproj" Id="7e178253-35cc-4eba-af03-ec58d5061fde" />
    <Project Path="src/Webhooks/Wiaoj.Webhooks.Signing.Asymmetric/Wiaoj.Webhooks.Signing.Asymmetric.csproj" Id="df73ef3b-fa21-48f0-a628-4ea4766eebb6" />
    <Project Path="src/Webhooks/Wiaoj.Webhooks.Testing/Wiaoj.Webhooks.Testing.csproj" Id="e673a517-c0cb-4a32-a15e-250d7735cbe3" />
    <Project Path="src/Webhooks/Wiaoj.Webhooks.Transports.InMemory/Wiaoj.Webhooks.Transports.InMemory.csproj" Id="c5f5ba7b-56ee-472b-8ea9-fdd151a4a93a" />
    <Project Path="src/Webhooks/Wiaoj.Webhooks/Wiaoj.Webhooks.csproj" Id="a57fc1bd-5360-4e7e-bdee-416daf229af5" />
  </Folder>
  <Folder Name="/tests/">
    <Project Path="tests/Wiaoj.BloomFilter.Tests.Unit/Wiaoj.BloomFilter.Tests.Unit.csproj" Id="7e199388-2442-4420-844b-3cc58288d009" />
    <Project Path="tests/Wiaoj.Compensation.Tests.Unit/Wiaoj.Compensation.Tests.Unit.csproj" Id="05d993eb-cdb7-406c-9725-0772cc7ca127" />
    <Project Path="tests/Wiaoj.Concurrency.Tests.Unit/Wiaoj.Concurrency.Tests.Unit.csproj" Id="c5b97f1f-96ca-4a9c-afba-5df78c91a236" />
    <Project Path="tests/Wiaoj.Endpoints.Tests.Unit/Wiaoj.Endpoints.Tests.Unit.csproj" Id="bd191de3-32fc-470d-be1c-b855f0730c68" />
    <Project Path="tests/Wiaoj.Extensions.DependencyInjection.Tests.Unit/Wiaoj.Extensions.DependencyInjection.Tests.Unit.csproj" Id="dba407f5-a6c7-4f26-8bf6-f330e9e0a649" />
    <Project Path="tests/Wiaoj.Modulith.Tests.Unit/Wiaoj.Modulith.Tests.Unit.csproj" Id="9f4c2996-1708-4765-950a-b19ff6a0f078" />
    <Project Path="tests/Wiaoj.Primitives.Tests.Unit/Wiaoj.Primitives.Tests.Unit.csproj" Id="cef5fdb1-e581-46b4-964c-d5f75f7db1ff" />
    <Project Path="tests/Wiaoj.RateLimiting.Tests.Unit/Wiaoj.RateLimiting.Tests.Unit.csproj" Id="a0e5a3bd-5e5a-4a9d-91bb-313fbd1af895" />
    <Project Path="tests/Wiaoj.Security.Tests.Unit/Wiaoj.Security.Tests.Unit.csproj" Id="9514b855-ab9c-4310-9c23-6438d123b24d" />
  </Folder>
  <Folder Name="/tests/Ddd/">
    <Project Path="tests/Ddd/Wiaoj.Ddd.Tests.Unit/Wiaoj.Ddd.Tests.Unit.csproj" Id="ac985ecb-c629-44c3-b5a7-3ee827cbffe6" />
  </Folder>
  <Folder Name="/tests/DistributedCounter/">
    <Project Path="tests/DistributedCounter/Wiaoj.DistributedCounter.Redis.Tests.Integration/Wiaoj.DistributedCounter.Redis.Tests.Integration.csproj" Id="267e56ef-24da-47b0-98f4-b9b0173c8e68" />
    <Project Path="tests/DistributedCounter/Wiaoj.DistributedCounter.Tests.Unit/Wiaoj.DistributedCounter.Tests.Unit.csproj" Id="3b49f798-09fc-4e18-899b-5011603b215f" />
  </Folder>
  <Folder Name="/tests/Pagination/">
    <Project Path="tests/Pagination/Wiaoj.Pagination.AspNetCore.Tests.Unit/Wiaoj.Pagination.AspNetCore.Tests.Unit.csproj" Id="ef9b1df9-7f0d-462c-9aba-20828ad594aa" />
    <Project Path="tests/Pagination/Wiaoj.Pagination.EntityFrameworkCore.Tests.Integration/Wiaoj.Pagination.EntityFrameworkCore.Tests.Integration.csproj" Id="206a98a6-a728-43a8-8108-e6758bc91af3" />
    <Project Path="tests/Pagination/Wiaoj.Pagination.Tests.Unit/Wiaoj.Pagination.Tests.Unit.csproj" Id="63446244-a358-4a02-9cf8-e8d3dc69150d" />
  </Folder>
  <Folder Name="/tests/Querying/">
    <Project Path="tests/Querying/Wiaoj.Querying.AspNetCore.Tests.Unit/Wiaoj.Querying.AspNetCore.Tests.Unit.csproj" />
    <Project Path="tests/Querying/Wiaoj.Querying.Tests.Integration/Wiaoj.Querying.Tests.Integration.csproj" Id="114e3316-eebd-41ce-987b-e528d4b7136b" />
    <Project Path="tests/Querying/Wiaoj.Querying.Tests.Unit/Wiaoj.Querying.Tests.Unit.csproj" Id="28500331-19a0-440a-9400-2f19e2a2c489" />
  </Folder>
  <Folder Name="/tests/Resilience/">
    <Project Path="tests/Resilience/Wiaoj.Resilience.Tests.Unit/Wiaoj.Resilience.Tests.Unit.csproj" Id="415fcbe2-6fa6-4343-98bc-bea12a543110" />
  </Folder>
  <Folder Name="/tests/Results/">
    <Project Path="tests/Results/Wiaoj.Results.AspNetCore.Tests.Unit/Wiaoj.Results.AspNetCore.Tests.Unit.csproj" />
    <Project Path="tests/Results/Wiaoj.Results.Tests.Unit/Wiaoj.Results.Tests.Unit.csproj" />
  </Folder>
  <Folder Name="/tests/Serialization/">
    <Project Path="tests/Serialization/Wiaoj.Serialization.Memory.Tests.Unit/Wiaoj.Serialization.Memory.Tests.Unit.csproj" Id="063bdb25-945b-4204-8f44-66e063fc31b8" />
    <Project Path="tests/Serialization/Wiaoj.Serialization.Proxy.Tests.Unit/Wiaoj.Serialization.Proxy.Tests.Unit.csproj" Id="031114b7-f281-462d-90ce-4109115fe3aa" />
  </Folder>
  <Folder Name="/tests/Webhooks/">
    <Project Path="tests/Webhooks/Wiaoj.Webhooks.Publishing.Tests.Unit/Wiaoj.Webhooks.Publishing.Tests.Unit.csproj" />
    <Project Path="tests/Webhooks/Wiaoj.Webhooks.Signing.Asymmetric.Tests.Unit/Wiaoj.Webhooks.Signing.Asymmetric.Tests.Unit.csproj" Id="22275efb-65f2-43ef-b2bf-707b99d0b6be" />
    <Project Path="tests/Webhooks/Wiaoj.Webhooks.Tests.Integration/Wiaoj.Webhooks.Tests.Integration.csproj" />
    <Project Path="tests/Webhooks/Wiaoj.Webhooks.Tests.Unit/Wiaoj.Webhooks.Tests.Unit.csproj" />
  </Folder>
</Solution>
